Microsoft Visual Studio Solution File, Format Version 11.00
# Visual Studio 2008

Project("{2B692DE1-288F-25D6-64EB-172E63FA5FE8}") = "SimpleUnityRpg", "Assembly-CSharp.csproj", "{332EA82E-CFEA-4BB8-9BCA-755CF7BDA503}"
EndProject
Global
	GlobalSection(SolutionConfigurationPlatforms) = preSolution
		Debug|Any CPU = Debug|Any CPU
		Release|Any CPU = Release|Any CPU
	EndGlobalSection
	GlobalSection(ProjectConfigurationPlatforms) = postSolution
		{332EA82E-CFEA-4BB8-9BCA-755CF7BDA503}.Debug|Any CPU.ActiveCfg = Debug|Any CPU
		{332EA82E-CFEA-4BB8-9BCA-755CF7BDA503}.Debug|Any CPU.Build.0 = Debug|Any CPU
		{332EA82E-CFEA-4BB8-9BCA-755CF7BDA503}.Release|Any CPU.ActiveCfg = Release|Any CPU
		{332EA82E-CFEA-4BB8-9BCA-755CF7BDA503}.Release|Any CPU.Build.0 = Release|Any CPU
	EndGlobalSection
	GlobalSection(SolutionProperties) = preSolution
		HideSolutionNode = FALSE
	EndGlobalSection
	GlobalSection(MonoDevelopProperties) = preSolution
		StartupItem = Assembly-CSharp.csproj
	EndGlobalSection
EndGlobal
